Microsoft Visual Studio Solution File, Format Version 12.00
# Visual Studio 2012
Project("{FAE04EC0-301F-11D3-BF4B-00C04F79EFBC}") = "Simple World", "Simple World.csproj", "{98634EC1-7FC5-4C54-BEF7-F3F67E86875A}"
EndProject
Global
	GlobalSection(SolutionConfigurationPlatforms) = preSolution
	Debug|Any CPU = Debug|Any CPU
	ExportDebug|Any CPU = ExportDebug|Any CPU
	ExportRelease|Any CPU = ExportRelease|Any CPU
	EndGlobalSection
	GlobalSection(ProjectConfigurationPlatforms) = postSolution
		{98634EC1-7FC5-4C54-BEF7-F3F67E86875A}.Debug|Any CPU.ActiveCfg = Debug|Any CPU
		{98634EC1-7FC5-4C54-BEF7-F3F67E86875A}.Debug|Any CPU.Build.0 = Debug|Any CPU
		{98634EC1-7FC5-4C54-BEF7-F3F67E86875A}.ExportDebug|Any CPU.ActiveCfg = ExportDebug|Any CPU
		{98634EC1-7FC5-4C54-BEF7-F3F67E86875A}.ExportDebug|Any CPU.Build.0 = ExportDebug|Any CPU
		{98634EC1-7FC5-4C54-BEF7-F3F67E86875A}.ExportRelease|Any CPU.ActiveCfg = ExportRelease|Any CPU
		{98634EC1-7FC5-4C54-BEF7-F3F67E86875A}.ExportRelease|Any CPU.Build.0 = ExportRelease|Any CPU
	EndGlobalSection
EndGlobal
